
Microsoft Visual Studio Solution File, Format Version 12.00
# Visual Studio Version 16
VisualStudioVersion = 16.0.32630.194
MinimumVisualStudioVersion = 10.0.40219.1
Project("{FAE04EC0-301F-11D3-BF4B-00C04F79EFBC}") = "ExchangeMoney_Web", "ExchangeMoney_Web\ExchangeMoney_Web.csproj", "{76B5C5FC-4F23-4014-A51F-3CCB52EC9A61}"
EndProject
Global
	GlobalSection(SolutionConfigurationPlatforms) = preSolution
		Debug|Any CPU = Debug|Any CPU
		Release|Any CPU = Release|Any CPU
	EndGlobalSection
	GlobalSection(ProjectConfigurationPlatforms) = postSolution
		{76B5C5FC-4F23-4014-A51F-3CCB52EC9A61}.Debug|Any CPU.ActiveCfg = Debug|Any CPU
		{76B5C5FC-4F23-4014-A51F-3CCB52EC9A61}.Debug|Any CPU.Build.0 = Debug|Any CPU
		{76B5C5FC-4F23-4014-A51F-3CCB52EC9A61}.Release|Any CPU.ActiveCfg = Release|Any CPU
		{76B5C5FC-4F23-4014-A51F-3CCB52EC9A61}.Release|Any CPU.Build.0 = Release|Any CPU
	EndGlobalSection
	GlobalSection(SolutionProperties) = preSolution
		HideSolutionNode = FALSE
	EndGlobalSection
	GlobalSection(ExtensibilityGlobals) = postSolution
		SolutionGuid = {57CDD9A0-82A2-43C4-975D-8C8EEC978F1E}
	EndGlobalSection
EndGlobal
